{
  "name": "rough-draw",
  "version": "0.1.0",
  "lockfileVersion": 1,
  "requires": true,
  "dependencies": {
    "@polymer/lit-element": {
      "version": "0.5.2",
      "resolved": "https://registry.npmjs.org/@polymer/lit-element/-/lit-element-0.5.2.tgz",
      "integrity": "sha512-7v/UlqVO05YuFCxxtC7jpuMQuDiPxArO7gACHqZ3uFd9/BM9YTdktX3bKRTnKTFUaPuNWWoPGvpAe2WOQCH2Pw==",
      "requires": {
        "@polymer/polymer": "^3.0.2",
        "lit-html": "^0.10.0"
      }
    },
    "@polymer/polymer": {
      "version": "3.0.2",
      "resolved": "https://registry.npmjs.org/@polymer/polymer/-/polymer-3.0.2.tgz",
      "integrity": "sha512-ow8AAjTe9ps8bantY9IvL0PT+xHf5VN3Cjahfr7gBJAc0lv3jTwGBv7pso65SHyrUJEEHeakhx6iPMl7qY4tfw==",
      "requires": {
        "@webcomponents/shadycss": "^1.2.0"
      }
    },
    "@webcomponents/shadycss": {
      "version": "1.3.5",
      "resolved": "https://registry.npmjs.org/@webcomponents/shadycss/-/shadycss-1.3.5.tgz",
      "integrity": "sha512-SBGmmpylJaNbWBQ84BvHl0keEhqOgPVG1zCdxtoQXrp3fUxFbjiJPHjvx6oqMjFTzkmKOwo/oKNvZyEtxltKiA=="
    },
    "@webcomponents/webcomponentsjs": {
      "version": "2.0.3",
      "resolved": "https://registry.npmjs.org/@webcomponents/webcomponentsjs/-/webcomponentsjs-2.0.3.tgz",
      "integrity": "sha512-MAXeE34PaC2gDVNKa+YLkRvnIBezIslR8AHoS/E8nOYuFL0qUcOD4L7/BBZOrNtxMRrNTCvtkXL7TrEmYmyQiQ=="
    },
    "lit-html": {
      "version": "0.10.2",
      "resolved": "https://registry.npmjs.org/lit-html/-/lit-html-0.10.2.tgz",
      "integrity": "sha512-ue0pIX3Fj5gUsNSozdRQIb1MAgNqFQsHgvHE/FU34xyu9NN/af3EISr7Bb+vP9YeLXIA4vLLOoYp2Z22dVYhww=="
    },
    "roughjs": {
      "version": "2.2.5",
      "resolved": "https://registry.npmjs.org/roughjs/-/roughjs-2.2.5.tgz",
      "integrity": "sha512-OHNG2wHIaPDVgKIehFMyiiC+xPjy+yEBxsDkTIDoosXtEkzckdPuXuK3Z8nSmZtPwF+LaTMlExsOcfIN+aql/A=="
    },
    "workly": {
      "version": "1.0.1",
      "resolved": "https://registry.npmjs.org/workly/-/workly-1.0.1.tgz",
      "integrity": "sha512-X4Ad7a9WqNGMUKv6uNzAaPszK9EL5iN/xWLSIvqDkqHNuo6ba/uOqHXl4kjf11LfpkPDLNLZ7lksZEzuidUTgw=="
    }
  }
}
