{
  "name": "rough-draw",
  "version": "0.1.0",
  "lockfileVersion": 1,
  "requires": true,
  "dependencies": {
    "roughjs": {
      "version": "2.2.5",
      "resolved": "https://registry.npmjs.org/roughjs/-/roughjs-2.2.5.tgz",
      "integrity": "sha512-OHNG2wHIaPDVgKIehFMyiiC+xPjy+yEBxsDkTIDoosXtEkzckdPuXuK3Z8nSmZtPwF+LaTMlExsOcfIN+aql/A=="
    }
  }
}
